
Microsoft Visual Studio Solution File, Format Version 11.00
# Visual Studio 2010
Project("{FAE04EC0-301F-11D3-BF4B-00C04F79EFBC}") = "Assembly-CSharp", "Assembly-CSharp.csproj", "{146E0E05-50F5-9A17-FAC0-E93A64698B23}"
EndProject
Global
	GlobalSection(SolutionConfigurationPlatforms) = preSolution
		Debug|Any CPU = Debug|Any CPU
		Release|Any CPU = Release|Any CPU
	EndGlobalSection
	GlobalSection(ProjectConfigurationPlatforms) = postSolution
		{146E0E05-50F5-9A17-FAC0-E93A64698B23}.Debug|Any CPU.ActiveCfg = Debug|Any CPU
		{146E0E05-50F5-9A17-FAC0-E93A64698B23}.Debug|Any CPU.Build.0 = Debug|Any CPU
		{146E0E05-50F5-9A17-FAC0-E93A64698B23}.Release|Any CPU.ActiveCfg = Release|Any CPU
		{146E0E05-50F5-9A17-FAC0-E93A64698B23}.Release|Any CPU.Build.0 = Release|Any CPU
	EndGlobalSection
	GlobalSection(SolutionProperties) = preSolution
		HideSolutionNode = FALSE
	EndGlobalSection
EndGlobal
